
Microsoft Visual Studio Solution File, Format Version 12.00
# Visual Studio 15
Project("{FAE04EC0-301F-11D3-BF4B-00C04F79EFBC}") = "Assembly-CSharp", "Assembly-CSharp.csproj", "{753DC557-39A6-966F-303C-F8A03FCF35FF}"
EndProject
Project("{FAE04EC0-301F-11D3-BF4B-00C04F79EFBC}") = "JetBrains.Frontend.2022.2", "JetBrains.Frontend.2022.2.csproj", "{746B1E99-AE59-7A19-8E6E-A9062FABEFF9}"
EndProject
Project("{FAE04EC0-301F-11D3-BF4B-00C04F79EFBC}") = "Assembly-CSharp-Editor", "Assembly-CSharp-Editor.csproj", "{9D237491-0783-3CC9-055E-226DD46FD291}"
EndProject
Global
	GlobalSection(SolutionConfigurationPlatforms) = preSolution
		Debug|Any CPU = Debug|Any CPU
		Release|Any CPU = Release|Any CPU
	EndGlobalSection
	GlobalSection(ProjectConfigurationPlatforms) = postSolution
		{753DC557-39A6-966F-303C-F8A03FCF35FF}.Debug|Any CPU.ActiveCfg = Debug|Any CPU
		{753DC557-39A6-966F-303C-F8A03FCF35FF}.Debug|Any CPU.Build.0 = Debug|Any CPU
		{753DC557-39A6-966F-303C-F8A03FCF35FF}.Release|Any CPU.ActiveCfg = Release|Any CPU
		{753DC557-39A6-966F-303C-F8A03FCF35FF}.Release|Any CPU.Build.0 = Release|Any CPU
		{746B1E99-AE59-7A19-8E6E-A9062FABEFF9}.Debug|Any CPU.ActiveCfg = Debug|Any CPU
		{746B1E99-AE59-7A19-8E6E-A9062FABEFF9}.Debug|Any CPU.Build.0 = Debug|Any CPU
		{746B1E99-AE59-7A19-8E6E-A9062FABEFF9}.Release|Any CPU.ActiveCfg = Release|Any CPU
		{746B1E99-AE59-7A19-8E6E-A9062FABEFF9}.Release|Any CPU.Build.0 = Release|Any CPU
		{9D237491-0783-3CC9-055E-226DD46FD291}.Debug|Any CPU.ActiveCfg = Debug|Any CPU
		{9D237491-0783-3CC9-055E-226DD46FD291}.Debug|Any CPU.Build.0 = Debug|Any CPU
		{9D237491-0783-3CC9-055E-226DD46FD291}.Release|Any CPU.ActiveCfg = Release|Any CPU
		{9D237491-0783-3CC9-055E-226DD46FD291}.Release|Any CPU.Build.0 = Release|Any CPU
	EndGlobalSection
	GlobalSection(SolutionProperties) = preSolution
		HideSolutionNode = FALSE
	EndGlobalSection
EndGlobal
